
Microsoft Visual Studio Solution File, Format Version 12.00
# Visual Studio Version 16
VisualStudioVersion = 16.0.30804.86
MinimumVisualStudioVersion = 10.0.40219.1
Project("{9A19103F-16F7-4668-BE54-9A1E7A4F7556}") = "orderapi", "orderapi\orderapi.csproj", "{FC472016-8774-4FE1-8624-3CF8C3A0C941}"
EndProject
Project("{9A19103F-16F7-4668-BE54-9A1E7A4F7556}") = "messages", "..\..\gql-ms-messages\src\messages\messages.csproj", "{EC98A78B-B799-49FD-B6F4-24F2330C8BEB}"
EndProject
Global
	GlobalSection(SolutionConfigurationPlatforms) = preSolution
		Debug|Any CPU = Debug|Any CPU
		Release|Any CPU = Release|Any CPU
	EndGlobalSection
	GlobalSection(ProjectConfigurationPlatforms) = postSolution
		{FC472016-8774-4FE1-8624-3CF8C3A0C941}.Debug|Any CPU.ActiveCfg = Debug|Any CPU
		{FC472016-8774-4FE1-8624-3CF8C3A0C941}.Debug|Any CPU.Build.0 = Debug|Any CPU
		{FC472016-8774-4FE1-8624-3CF8C3A0C941}.Release|Any CPU.ActiveCfg = Release|Any CPU
		{FC472016-8774-4FE1-8624-3CF8C3A0C941}.Release|Any CPU.Build.0 = Release|Any CPU
		{EC98A78B-B799-49FD-B6F4-24F2330C8BEB}.Debug|Any CPU.ActiveCfg = Debug|Any CPU
		{EC98A78B-B799-49FD-B6F4-24F2330C8BEB}.Debug|Any CPU.Build.0 = Debug|Any CPU
		{EC98A78B-B799-49FD-B6F4-24F2330C8BEB}.Release|Any CPU.ActiveCfg = Release|Any CPU
		{EC98A78B-B799-49FD-B6F4-24F2330C8BEB}.Release|Any CPU.Build.0 = Release|Any CPU
	EndGlobalSection
	GlobalSection(SolutionProperties) = preSolution
		HideSolutionNode = FALSE
	EndGlobalSection
	GlobalSection(ExtensibilityGlobals) = postSolution
		SolutionGuid = {40C6D249-F5DE-4425-845C-68E975FA586D}
	EndGlobalSection
EndGlobal
